
Microsoft Visual Studio Solution File, Format Version 12.00
# Visual Studio 15
VisualStudioVersion = 15.0.26730.12
MinimumVisualStudioVersion = 10.0.40219.1
Project("{FAE04EC0-301F-11D3-BF4B-00C04F79EFBC}") = "CapPro.Web", "CapPro.Web\CapPro.Web.csproj", "{271562B5-53C5-40F2-8FC4-41540221E658}"
EndProject
Project("{FAE04EC0-301F-11D3-BF4B-00C04F79EFBC}") = "CapPro.Model", "CapPro.Model\CapPro.Model.csproj", "{4A5B1B41-343A-48B9-B13E-B1B829B5B26D}"
EndProject
Global
	GlobalSection(SolutionConfigurationPlatforms) = preSolution
		Debug|Any CPU = Debug|Any CPU
		Release|Any CPU = Release|Any CPU
	EndGlobalSection
	GlobalSection(ProjectConfigurationPlatforms) = postSolution
		{271562B5-53C5-40F2-8FC4-41540221E658}.Debug|Any CPU.ActiveCfg = Debug|Any CPU
		{271562B5-53C5-40F2-8FC4-41540221E658}.Debug|Any CPU.Build.0 = Debug|Any CPU
		{271562B5-53C5-40F2-8FC4-41540221E658}.Release|Any CPU.ActiveCfg = Release|Any CPU
		{271562B5-53C5-40F2-8FC4-41540221E658}.Release|Any CPU.Build.0 = Release|Any CPU
		{4A5B1B41-343A-48B9-B13E-B1B829B5B26D}.Debug|Any CPU.ActiveCfg = Debug|Any CPU
		{4A5B1B41-343A-48B9-B13E-B1B829B5B26D}.Debug|Any CPU.Build.0 = Debug|Any CPU
		{4A5B1B41-343A-48B9-B13E-B1B829B5B26D}.Release|Any CPU.ActiveCfg = Release|Any CPU
		{4A5B1B41-343A-48B9-B13E-B1B829B5B26D}.Release|Any CPU.Build.0 = Release|Any CPU
	EndGlobalSection
	GlobalSection(SolutionProperties) = preSolution
		HideSolutionNode = FALSE
	EndGlobalSection
	GlobalSection(ExtensibilityGlobals) = postSolution
		SolutionGuid = {75C4DA18-E4CD-4290-AE37-733247E17BDE}
	EndGlobalSection
EndGlobal
