
Microsoft Visual Studio Solution File, Format Version 12.00
# Visual Studio 15
VisualStudioVersion = 15.0.26730.12
MinimumVisualStudioVersion = 10.0.40219.1
Project("{9A19103F-16F7-4668-BE54-9A1E7A4F7556}") = "CapPro.Web", "CapPro.Web\CapPro.Web.csproj", "{271562B5-53C5-40F2-8FC4-41540221E658}"
EndProject
Project("{FAE04EC0-301F-11D3-BF4B-00C04F79EFBC}") = "Infrastructure", "Infrastructure\Infrastructure.csproj", "{F409433D-9581-4F1B-A3D6-70E7329F2F80}"
EndProject
Project("{FAE04EC0-301F-11D3-BF4B-00C04F79EFBC}") = "ApplicationCore", "ApplicationCore\ApplicationCore.csproj", "{F431C312-CBC8-42E6-9182-1ADB3F7733DE}"
EndProject
Project("{2150E333-8FDC-42A3-9474-1A3956D46DE8}") = "tests", "tests", "{CC99A61A-63ED-4FA8-A84C-B9BFD67D5D31}"
EndProject
Global
	GlobalSection(SolutionConfigurationPlatforms) = preSolution
		Debug|Any CPU = Debug|Any CPU
		Release|Any CPU = Release|Any CPU
	EndGlobalSection
	GlobalSection(ProjectConfigurationPlatforms) = postSolution
		{271562B5-53C5-40F2-8FC4-41540221E658}.Debug|Any CPU.ActiveCfg = Debug|Any CPU
		{271562B5-53C5-40F2-8FC4-41540221E658}.Debug|Any CPU.Build.0 = Debug|Any CPU
		{271562B5-53C5-40F2-8FC4-41540221E658}.Release|Any CPU.ActiveCfg = Release|Any CPU
		{271562B5-53C5-40F2-8FC4-41540221E658}.Release|Any CPU.Build.0 = Release|Any CPU
		{F409433D-9581-4F1B-A3D6-70E7329F2F80}.Debug|Any CPU.ActiveCfg = Debug|Any CPU
		{F409433D-9581-4F1B-A3D6-70E7329F2F80}.Debug|Any CPU.Build.0 = Debug|Any CPU
		{F409433D-9581-4F1B-A3D6-70E7329F2F80}.Release|Any CPU.ActiveCfg = Release|Any CPU
		{F409433D-9581-4F1B-A3D6-70E7329F2F80}.Release|Any CPU.Build.0 = Release|Any CPU
		{F431C312-CBC8-42E6-9182-1ADB3F7733DE}.Debug|Any CPU.ActiveCfg = Debug|Any CPU
		{F431C312-CBC8-42E6-9182-1ADB3F7733DE}.Debug|Any CPU.Build.0 = Debug|Any CPU
		{F431C312-CBC8-42E6-9182-1ADB3F7733DE}.Release|Any CPU.ActiveCfg = Release|Any CPU
		{F431C312-CBC8-42E6-9182-1ADB3F7733DE}.Release|Any CPU.Build.0 = Release|Any CPU
	EndGlobalSection
	GlobalSection(SolutionProperties) = preSolution
		HideSolutionNode = FALSE
	EndGlobalSection
	GlobalSection(ExtensibilityGlobals) = postSolution
		SolutionGuid = {75C4DA18-E4CD-4290-AE37-733247E17BDE}
	EndGlobalSection
EndGlobal
